<?xml version="1.0" encoding="utf-8"?>
<Project ToolsVersion="4.0" xmlns="http://schemas.microsoft.com/developer/msbuild/2003">
  <ItemGroup>
    <Filter Include="源文件">
      <UniqueIdentifier>{4FC737F1-C7A5-4376-A066-2A32D752A2FF}</UniqueIdentifier>
      <Extensions>cpp;c;cc;cxx;def;odl;idl;hpj;bat;asm;asmx</Extensions>
    </Filter>
    <Filter Include="头文件">
      <UniqueIdentifier>{93995380-89BD-4b04-88EB-625FBE52EBFB}</UniqueIdentifier>
      <Extensions>h;hpp;hxx;hm;inl;inc;xsd</Extensions>
    </Filter>
    <Filter Include="资源文件">
      <UniqueIdentifier>{67DA6AB6-F800-4c08-8B7A-83BB121AAD01}</UniqueIdentifier>
      <Extensions>rc;ico;cur;bmp;dlg;rc2;rct;bin;rgs;gif;jpg;jpeg;jpe;resx;tiff;tif;png;wav</Extensions>
    </Filter>
    <Filter Include="星空用户名">
      <UniqueIdentifier>{77c6c90b-b3b5-4a4e-a81f-d08a2001b571}</UniqueIdentifier>
    </Filter>
    <Filter Include="TrayIco">
      <UniqueIdentifier>{293139bc-4d9b-41ec-8331-749f2e0e2002}</UniqueIdentifier>
    </Filter>
    <Filter Include="ShortCut">
      <UniqueIdentifier>{c0ddc51f-aa2b-41a0-8649-029259aeddbb}</UniqueIdentifier>
    </Filter>
  </ItemGroup>
  <ItemGroup>
    <ClCompile Include="CreatUserInfo.cpp">
      <Filter>源文件</Filter>
    </ClCompile>
    <ClCompile Include="DialForXK2008.cpp">
      <Filter>源文件</Filter>
    </ClCompile>
    <ClCompile Include="DialForXK2008Dlg.cpp">
      <Filter>源文件</Filter>
    </ClCompile>
    <ClCompile Include="stdafx.cpp">
      <Filter>源文件</Filter>
    </ClCompile>
    <ClCompile Include="UserControl.cpp">
      <Filter>源文件</Filter>
    </ClCompile>
    <ClCompile Include="..\CommenCode\CXKUsername.cpp">
      <Filter>星空用户名</Filter>
    </ClCompile>
    <ClCompile Include="..\CommenCode\MD5.cpp">
      <Filter>星空用户名</Filter>
    </ClCompile>
    <ClCompile Include="..\CommenCode\CTrayIcon.cpp">
      <Filter>TrayIco</Filter>
    </ClCompile>
    <ClCompile Include="..\CommenCode\Shortcut.cpp">
      <Filter>ShortCut</Filter>
    </ClCompile>
  </ItemGroup>
  <ItemGroup>
    <ClInclude Include="CreatUserInfo.h">
      <Filter>头文件</Filter>
    </ClInclude>
    <ClInclude Include="DialForXK2008.h">
      <Filter>头文件</Filter>
    </ClInclude>
    <ClInclude Include="DialForXK2008Dlg.h">
      <Filter>头文件</Filter>
    </ClInclude>
    <ClInclude Include="Resource.h">
      <Filter>头文件</Filter>
    </ClInclude>
    <ClInclude Include="stdafx.h">
      <Filter>头文件</Filter>
    </ClInclude>
    <ClInclude Include="UserControl.h">
      <Filter>头文件</Filter>
    </ClInclude>
    <ClInclude Include="..\CommenCode\CXKUsername.h">
      <Filter>星空用户名</Filter>
    </ClInclude>
    <ClInclude Include="..\CommenCode\MD5.h">
      <Filter>星空用户名</Filter>
    </ClInclude>
    <ClInclude Include="..\CommenCode\CTrayIcon.h">
      <Filter>TrayIco</Filter>
    </ClInclude>
    <ClInclude Include="..\CommenCode\Shortcut.h">
      <Filter>ShortCut</Filter>
    </ClInclude>
  </ItemGroup>
  <ItemGroup>
    <Image Include="res\bitmap1.bmp">
      <Filter>资源文件</Filter>
    </Image>
    <Image Include="res\DialForXK2008.ico">
      <Filter>资源文件</Filter>
    </Image>
  </ItemGroup>
  <ItemGroup>
    <ResourceCompile Include="DialForXK2008.rc">
      <Filter>资源文件</Filter>
    </ResourceCompile>
  </ItemGroup>
  <ItemGroup>
    <None Include="res\DialForXK2008.rc2">
      <Filter>资源文件</Filter>
    </None>
  </ItemGroup>
  <ItemGroup>
    <Text Include="ReadMe.txt" />
  </ItemGroup>
  <ItemGroup>
    <Manifest Include="XP.manifest" />
  </ItemGroup>
</Project>